// !$*UTF8*$!
{
	archiveVersion = 1;
	classes = {
	};
	objectVersion = 56;
	objects = {

/* Begin PBXBuildFile section */
		360012F32930458B00E2CE3E /* UICustomTextField.swift in Sources */ = {isa = PBXBuildFile; fileRef = 360012F22930458B00E2CE3E /* UICustomTextField.swift */; };
		360012F529305B3500E2CE3E /* CheckBox.swift in Sources */ = {isa = PBXBuildFile; fileRef = 360012F429305B3500E2CE3E /* CheckBox.swift */; };
		36036F35292C40DB00941F1A /* AppDelegate.swift in Sources */ = {isa = PBXBuildFile; fileRef = 36036F34292C40DB00941F1A /* AppDelegate.swift */; };
		36036F37292C40DB00941F1A /* SceneDelegate.swift in Sources */ = {isa = PBXBuildFile; fileRef = 36036F36292C40DB00941F1A /* SceneDelegate.swift */; };
		36036F39292C40DB00941F1A /* ViewController.swift in Sources */ = {isa = PBXBuildFile; fileRef = 36036F38292C40DB00941F1A /* ViewController.swift */; };
		36036F3E292C40DD00941F1A /* Assets.xcassets in Resources */ = {isa = PBXBuildFile; fileRef = 36036F3D292C40DD00941F1A /* Assets.xcassets */; };
		36036F41292C40DD00941F1A /* LaunchScreen.storyboard in Resources */ = {isa = PBXBuildFile; fileRef = 36036F3F292C40DD00941F1A /* LaunchScreen.storyboard */; };
		36036F4D292C542E00941F1A /* IntroViewController.swift in Sources */ = {isa = PBXBuildFile; fileRef = 36036F4C292C542E00941F1A /* IntroViewController.swift */; };
		363BDBA829358FFF005D7977 /* PageViewController.swift in Sources */ = {isa = PBXBuildFile; fileRef = 363BDBA729358FFF005D7977 /* PageViewController.swift */; };
		36DF7CD8292F038300F56F38 /* CustomButton.swift in Sources */ = {isa = PBXBuildFile; fileRef = 36DF7CD7292F038300F56F38 /* CustomButton.swift */; };
		36DF7CDB292F060700F56F38 /* LoginViewController.swift in Sources */ = {isa = PBXBuildFile; fileRef = 36DF7CDA292F060700F56F38 /* LoginViewController.swift */; };
		36DF7CDD292F13FF00F56F38 /* UIBannerLogin.swift in Sources */ = {isa = PBXBuildFile; fileRef = 36DF7CDC292F13FF00F56F38 /* UIBannerLogin.swift */; };
		36DF7CE0292F1C2700F56F38 /* ColorExtension.swift in Sources */ = {isa = PBXBuildFile; fileRef = 36DF7CDF292F1C2700F56F38 /* ColorExtension.swift */; };
		36DF7CE2292F1C4700F56F38 /* ViewExtension.swift in Sources */ = {isa = PBXBuildFile; fileRef = 36DF7CE1292F1C4700F56F38 /* ViewExtension.swift */; };
/* End PBXBuildFile section */

/* Begin PBXFileReference section */
		360012F22930458B00E2CE3E /* UICustomTextField.swift */ = {isa = PBXFileReference; lastKnownFileType = sourcecode.swift; path = UICustomTextField.swift; sourceTree = "<group>"; };
		360012F429305B3500E2CE3E /* CheckBox.swift */ = {isa = PBXFileReference; lastKnownFileType = sourcecode.swift; path = CheckBox.swift; sourceTree = "<group>"; };
		36036F31292C40DB00941F1A /* caixaApp.app */ = {isa = PBXFileReference; explicitFileType = wrapper.application; includeInIndex = 0; path = caixaApp.app; sourceTree = BUILT_PRODUCTS_DIR; };
		36036F34292C40DB00941F1A /* AppDelegate.swift */ = {isa = PBXFileReference; lastKnownFileType = sourcecode.swift; path = AppDelegate.swift; sourceTree = "<group>"; };
		36036F36292C40DB00941F1A /* SceneDelegate.swift */ = {isa = PBXFileReference; lastKnownFileType = sourcecode.swift; path = SceneDelegate.swift; sourceTree = "<group>"; };
		36036F38292C40DB00941F1A /* ViewController.swift */ = {isa = PBXFileReference; lastKnownFileType = sourcecode.swift; path = ViewController.swift; sourceTree = "<group>"; };
		36036F3D292C40DD00941F1A /* Assets.xcassets */ = {isa = PBXFileReference; lastKnownFileType = folder.assetcatalog; path = Assets.xcassets; sourceTree = "<group>"; };
		36036F40292C40DD00941F1A /* Base */ = {isa = PBXFileReference; lastKnownFileType = file.storyboard; name = Base; path = Base.lproj/LaunchScreen.storyboard; sourceTree = "<group>"; };
		36036F42292C40DD00941F1A /* Info.plist */ = {isa = PBXFileReference; lastKnownFileType = text.plist.xml; path = Info.plist; sourceTree = "<group>"; };
		36036F4C292C542E00941F1A /* IntroViewController.swift */ = {isa = PBXFileReference; lastKnownFileType = sourcecode.swift; path = IntroViewController.swift; sourceTree = "<group>"; };
		363BDBA729358FFF005D7977 /* PageViewController.swift */ = {isa = PBXFileReference; lastKnownFileType = sourcecode.swift; path = PageViewController.swift; sourceTree = "<group>"; };
		36DF7CD7292F038300F56F38 /* CustomButton.swift */ = {isa = PBXFileReference; lastKnownFileType = sourcecode.swift; path = CustomButton.swift; sourceTree = "<group>"; };
		36DF7CDA292F060700F56F38 /* LoginViewController.swift */ = {isa = PBXFileReference; lastKnownFileType = sourcecode.swift; path = LoginViewController.swift; sourceTree = "<group>"; };
		36DF7CDC292F13FF00F56F38 /* UIBannerLogin.swift */ = {isa = PBXFileReference; lastKnownFileType = sourcecode.swift; path = UIBannerLogin.swift; sourceTree = "<group>"; };
		36DF7CDF292F1C2700F56F38 /* ColorExtension.swift */ = {isa = PBXFileReference; lastKnownFileType = sourcecode.swift; path = ColorExtension.swift; sourceTree = "<group>"; };
		36DF7CE1292F1C4700F56F38 /* ViewExtension.swift */ = {isa = PBXFileReference; lastKnownFileType = sourcecode.swift; path = ViewExtension.swift; sourceTree = "<group>"; };
/* End PBXFileReference section */

/* Begin PBXFrameworksBuildPhase section */
		36036F2E292C40DB00941F1A /* Frameworks */ = {
			isa = PBXFrameworksBuildPhase;
			buildActionMask = 2147483647;
			files = (
			);
			runOnlyForDeploymentPostprocessing = 0;
		};
/* End PBXFrameworksBuildPhase section */

/* Begin PBXGroup section */
		36036F28292C40DB00941F1A = {
			isa = PBXGroup;
			children = (
				36036F33292C40DB00941F1A /* caixaApp */,
				36036F32292C40DB00941F1A /* Products */,
			);
			sourceTree = "<group>";
		};
		36036F32292C40DB00941F1A /* Products */ = {
			isa = PBXGroup;
			children = (
				36036F31292C40DB00941F1A /* caixaApp.app */,
			);
			name = Products;
			sourceTree = "<group>";
		};
		36036F33292C40DB00941F1A /* caixaApp */ = {
			isa = PBXGroup;
			children = (
				36036F4A292C53D600941F1A /* Sources */,
				36036F49292C53BB00941F1A /* Resources */,
				36036F48292C53A700941F1A /* Aplication */,
				36036F38292C40DB00941F1A /* ViewController.swift */,
				36036F42292C40DD00941F1A /* Info.plist */,
			);
			path = caixaApp;
			sourceTree = "<group>";
		};
		36036F48292C53A700941F1A /* Aplication */ = {
			isa = PBXGroup;
			children = (
				36036F3F292C40DD00941F1A /* LaunchScreen.storyboard */,
				36036F36292C40DB00941F1A /* SceneDelegate.swift */,
				36036F34292C40DB00941F1A /* AppDelegate.swift */,
			);
			path = Aplication;
			sourceTree = "<group>";
		};
		36036F49292C53BB00941F1A /* Resources */ = {
			isa = PBXGroup;
			children = (
				36036F3D292C40DD00941F1A /* Assets.xcassets */,
			);
			path = Resources;
			sourceTree = "<group>";
		};
		36036F4A292C53D600941F1A /* Sources */ = {
			isa = PBXGroup;
			children = (
				363BDBA629358D6B005D7977 /* Omboarding */,
				36DF7CDE292F1C0900F56F38 /* Extensions */,
				36DF7CD9292F05E400F56F38 /* Login */,
				36DF7CD6292F036C00F56F38 /* Components */,
				36036F4B292C540300941F1A /* Intro */,
			);
			path = Sources;
			sourceTree = "<group>";
		};
		36036F4B292C540300941F1A /* Intro */ = {
			isa = PBXGroup;
			children = (
				36036F4C292C542E00941F1A /* IntroViewController.swift */,
			);
			path = Intro;
			sourceTree = "<group>";
		};
		363BDBA629358D6B005D7977 /* Omboarding */ = {
			isa = PBXGroup;
			children = (
				363BDBA729358FFF005D7977 /* PageViewController.swift */,
			);
			path = Omboarding;
			sourceTree = "<group>";
		};
		36DF7CD6292F036C00F56F38 /* Components */ = {
			isa = PBXGroup;
			children = (
				36DF7CD7292F038300F56F38 /* CustomButton.swift */,
			);
			path = Components;
			sourceTree = "<group>";
		};
		36DF7CD9292F05E400F56F38 /* Login */ = {
			isa = PBXGroup;
			children = (
				36DF7CDA292F060700F56F38 /* LoginViewController.swift */,
				36DF7CDC292F13FF00F56F38 /* UIBannerLogin.swift */,
				360012F22930458B00E2CE3E /* UICustomTextField.swift */,
				360012F429305B3500E2CE3E /* CheckBox.swift */,
			);
			path = Login;
			sourceTree = "<group>";
		};
		36DF7CDE292F1C0900F56F38 /* Extensions */ = {
			isa = PBXGroup;
			children = (
				36DF7CDF292F1C2700F56F38 /* ColorExtension.swift */,
				36DF7CE1292F1C4700F56F38 /* ViewExtension.swift */,
			);
			path = Extensions;
			sourceTree = "<group>";
		};
/* End PBXGroup section */

/* Begin PBXNativeTarget section */
		36036F30292C40DB00941F1A /* caixaApp */ = {
			isa = PBXNativeTarget;
			buildConfigurationList = 36036F45292C40DD00941F1A /* Build configuration list for PBXNativeTarget "caixaApp" */;
			buildPhases = (
				36036F2D292C40DB00941F1A /* Sources */,
				36036F2E292C40DB00941F1A /* Frameworks */,
				36036F2F292C40DB00941F1A /* Resources */,
			);
			buildRules = (
			);
			dependencies = (
			);
			name = caixaApp;
			productName = caixaApp;
			productReference = 36036F31292C40DB00941F1A /* caixaApp.app */;
			productType = "com.apple.product-type.application";
		};
/* End PBXNativeTarget section */

/* Begin PBXProject section */
		36036F29292C40DB00941F1A /* Project object */ = {
			isa = PBXProject;
			attributes = {
				BuildIndependentTargetsInParallel = 1;
				LastSwiftUpdateCheck = 1410;
				LastUpgradeCheck = 1410;
				TargetAttributes = {
					36036F30292C40DB00941F1A = {
						CreatedOnToolsVersion = 14.1;
					};
				};
			};
			buildConfigurationList = 36036F2C292C40DB00941F1A /* Build configuration list for PBXProject "caixaApp" */;
			compatibilityVersion = "Xcode 14.0";
			developmentRegion = en;
			hasScannedForEncodings = 0;
			knownRegions = (
				en,
				Base,
			);
			mainGroup = 36036F28292C40DB00941F1A;
			productRefGroup = 36036F32292C40DB00941F1A /* Products */;
			projectDirPath = "";
			projectRoot = "";
			targets = (
				36036F30292C40DB00941F1A /* caixaApp */,
			);
		};
/* End PBXProject section */

/* Begin PBXResourcesBuildPhase section */
		36036F2F292C40DB00941F1A /* Resources */ = {
			isa = PBXResourcesBuildPhase;
			buildActionMask = 2147483647;
			files = (
				36036F41292C40DD00941F1A /* LaunchScreen.storyboard in Resources */,
				36036F3E292C40DD00941F1A /* Assets.xcassets in Resources */,
			);
			runOnlyForDeploymentPostprocessing = 0;
		};
/* End PBXResourcesBuildPhase section */

/* Begin PBXSourcesBuildPhase section */
		36036F2D292C40DB00941F1A /* Sources */ = {
			isa = PBXSourcesBuildPhase;
			buildActionMask = 2147483647;
			files = (
				36DF7CE2292F1C4700F56F38 /* ViewExtension.swift in Sources */,
				36DF7CDB292F060700F56F38 /* LoginViewController.swift in Sources */,
				36036F39292C40DB00941F1A /* ViewController.swift in Sources */,
				363BDBA829358FFF005D7977 /* PageViewController.swift in Sources */,
				360012F529305B3500E2CE3E /* CheckBox.swift in Sources */,
				36036F35292C40DB00941F1A /* AppDelegate.swift in Sources */,
				360012F32930458B00E2CE3E /* UICustomTextField.swift in Sources */,
				36DF7CE0292F1C2700F56F38 /* ColorExtension.swift in Sources */,
				36036F37292C40DB00941F1A /* SceneDelegate.swift in Sources */,
				36036F4D292C542E00941F1A /* IntroViewController.swift in Sources */,
				36DF7CD8292F038300F56F38 /* CustomButton.swift in Sources */,
				36DF7CDD292F13FF00F56F38 /* UIBannerLogin.swift in Sources */,
			);
			runOnlyForDeploymentPostprocessing = 0;
		};
/* End PBXSourcesBuildPhase section */

/* Begin PBXVariantGroup section */
		36036F3F292C40DD00941F1A /* LaunchScreen.storyboard */ = {
			isa = PBXVariantGroup;
			children = (
				36036F40292C40DD00941F1A /* Base */,
			);
			name = LaunchScreen.storyboard;
			sourceTree = "<group>";
		};
/* End PBXVariantGroup section */

/* Begin XCBuildConfiguration section */
		36036F43292C40DD00941F1A /* Debug */ = {
			isa = XCBuildConfiguration;
			buildSettings = {
				ALWAYS_SEARCH_USER_PATHS = NO;
				CLANG_ANALYZER_NONNULL = YES;
				CLANG_ANALYZER_NUMBER_OBJECT_CONVERSION = YES_AGGRESSIVE;
				CLANG_CXX_LANGUAGE_STANDARD = "gnu++20";
				CLANG_ENABLE_MODULES = YES;
				CLANG_ENABLE_OBJC_ARC = YES;
				CLANG_ENABLE_OBJC_WEAK = YES;
				CLANG_WARN_BLOCK_CAPTURE_AUTORELEASING = YES;
				CLANG_WARN_BOOL_CONVERSION = YES;
				CLANG_WARN_COMMA = YES;
				CLANG_WARN_CONSTANT_CONVERSION = YES;
				CLANG_WARN_DEPRECATED_OBJC_IMPLEMENTATIONS = YES;
				CLANG_WARN_DIRECT_OBJC_ISA_USAGE = YES_ERROR;
				CLANG_WARN_DOCUMENTATION_COMMENTS = YES;
				CLANG_WARN_EMPTY_BODY = YES;
				CLANG_WARN_ENUM_CONVERSION = YES;
				CLANG_WARN_INFINITE_RECURSION = YES;
				CLANG_WARN_INT_CONVERSION = YES;
				CLANG_WARN_NON_LITERAL_NULL_CONVERSION = YES;
				CLANG_WARN_OBJC_IMPLICIT_RETAIN_SELF = YES;
				CLANG_WARN_OBJC_LITERAL_CONVERSION = YES;
				CLANG_WARN_OBJC_ROOT_CLASS = YES_ERROR;
				CLANG_WARN_QUOTED_INCLUDE_IN_FRAMEWORK_HEADER = YES;
				CLANG_WARN_RANGE_LOOP_ANALYSIS = YES;
				CLANG_WARN_STRICT_PROTOTYPES = YES;
				CLANG_WARN_SUSPICIOUS_MOVE = YES;
				CLANG_WARN_UNGUARDED_AVAILABILITY = YES_AGGRESSIVE;
				CLANG_WARN_UNREACHABLE_CODE = YES;
				CLANG_WARN__DUPLICATE_METHOD_MATCH = YES;
				COPY_PHASE_STRIP = NO;
				DEBUG_INFORMATION_FORMAT = dwarf;
				ENABLE_STRICT_OBJC_MSGSEND = YES;
				ENABLE_TESTABILITY = YES;
				GCC_C_LANGUAGE_STANDARD = gnu11;
				GCC_DYNAMIC_NO_PIC = NO;
				GCC_NO_COMMON_BLOCKS = YES;
				GCC_OPTIMIZATION_LEVEL = 0;
				GCC_PREPROCESSOR_DEFINITIONS = (
					"DEBUG=1",
					"$(inherited)",
				);
				GCC_WARN_64_TO_32_BIT_CONVERSION = YES;
				GCC_WARN_ABOUT_RETURN_TYPE = YES_ERROR;
				GCC_WARN_UNDECLARED_SELECTOR = YES;
				GCC_WARN_UNINITIALIZED_AUTOS = YES_AGGRESSIVE;
				GCC_WARN_UNUSED_FUNCTION = YES;
				GCC_WARN_UNUSED_VARIABLE = YES;
				IPHONEOS_DEPLOYMENT_TARGET = 16.1;
				MTL_ENABLE_DEBUG_INFO = INCLUDE_SOURCE;
				MTL_FAST_MATH = YES;
				ONLY_ACTIVE_ARCH = YES;
				SDKROOT = iphoneos;
				SWIFT_ACTIVE_COMPILATION_CONDITIONS = DEBUG;
				SWIFT_OPTIMIZATION_LEVEL = "-Onone";
			};
			name = Debug;
		};
		36036F44292C40DD00941F1A /* Release */ = {
			isa = XCBuildConfiguration;
			buildSettings = {
				ALWAYS_SEARCH_USER_PATHS = NO;
				CLANG_ANALYZER_NONNULL = YES;
				CLANG_ANALYZER_NUMBER_OBJECT_CONVERSION = YES_AGGRESSIVE;
				CLANG_CXX_LANGUAGE_STANDARD = "gnu++20";
				CLANG_ENABLE_MODULES = YES;
				CLANG_ENABLE_OBJC_ARC = YES;
				CLANG_ENABLE_OBJC_WEAK = YES;
				CLANG_WARN_BLOCK_CAPTURE_AUTORELEASING = YES;
				CLANG_WARN_BOOL_CONVERSION = YES;
				CLANG_WARN_COMMA = YES;
				CLANG_WARN_CONSTANT_CONVERSION = YES;
				CLANG_WARN_DEPRECATED_OBJC_IMPLEMENTATIONS = YES;
				CLANG_WARN_DIRECT_OBJC_ISA_USAGE = YES_ERROR;
				CLANG_WARN_DOCUMENTATION_COMMENTS = YES;
				CLANG_WARN_EMPTY_BODY = YES;
				CLANG_WARN_ENUM_CONVERSION = YES;
				CLANG_WARN_INFINITE_RECURSION = YES;
				CLANG_WARN_INT_CONVERSION = YES;
				CLANG_WARN_NON_LITERAL_NULL_CONVERSION = YES;
				CLANG_WARN_OBJC_IMPLICIT_RETAIN_SELF = YES;
				CLANG_WARN_OBJC_LITERAL_CONVERSION = YES;
				CLANG_WARN_OBJC_ROOT_CLASS = YES_ERROR;
				CLANG_WARN_QUOTED_INCLUDE_IN_FRAMEWORK_HEADER = YES;
				CLANG_WARN_RANGE_LOOP_ANALYSIS = YES;
				CLANG_WARN_STRICT_PROTOTYPES = YES;
				CLANG_WARN_SUSPICIOUS_MOVE = YES;
				CLANG_WARN_UNGUARDED_AVAILABILITY = YES_AGGRESSIVE;
				CLANG_WARN_UNREACHABLE_CODE = YES;
				CLANG_WARN__DUPLICATE_METHOD_MATCH = YES;
				COPY_PHASE_STRIP = NO;
				DEBUG_INFORMATION_FORMAT = "dwarf-with-dsym";
				ENABLE_NS_ASSERTIONS = NO;
				ENABLE_STRICT_OBJC_MSGSEND = YES;
				GCC_C_LANGUAGE_STANDARD = gnu11;
				GCC_NO_COMMON_BLOCKS = YES;
				GCC_WARN_64_TO_32_BIT_CONVERSION = YES;
				GCC_WARN_ABOUT_RETURN_TYPE = YES_ERROR;
				GCC_WARN_UNDECLARED_SELECTOR = YES;
				GCC_WARN_UNINITIALIZED_AUTOS = YES_AGGRESSIVE;
				GCC_WARN_UNUSED_FUNCTION = YES;
				GCC_WARN_UNUSED_VARIABLE = YES;
				IPHONEOS_DEPLOYMENT_TARGET = 16.1;
				MTL_ENABLE_DEBUG_INFO = NO;
				MTL_FAST_MATH = YES;
				SDKROOT = iphoneos;
				SWIFT_COMPILATION_MODE = wholemodule;
				SWIFT_OPTIMIZATION_LEVEL = "-O";
				VALIDATE_PRODUCT = YES;
			};
			name = Release;
		};
		36036F46292C40DD00941F1A /* Debug */ = {
			isa = XCBuildConfiguration;
			buildSettings = {
				ASSETCATALOG_COMPILER_APPICON_NAME = AppIcon;
				ASSETCATALOG_COMPILER_GLOBAL_ACCENT_COLOR_NAME = AccentColor;
				ASSETCATALOG_COMPILER_INCLUDE_ALL_APPICON_ASSETS = YES;
				CODE_SIGN_STYLE = Automatic;
				CURRENT_PROJECT_VERSION = 1;
				GENERATE_INFOPLIST_FILE = YES;
				INFOPLIST_FILE = caixaApp/Info.plist;
				INFOPLIST_KEY_UIApplicationSupportsIndirectInputEvents = YES;
				INFOPLIST_KEY_UILaunchStoryboardName = LaunchScreen.storyboard;
				INFOPLIST_KEY_UISupportedInterfaceOrientations_iPad = "UIInterfaceOrientationPortrait UIInterfaceOrientationPortraitUpsideDown UIInterfaceOrientationLandscapeLeft UIInterfaceOrientationLandscapeRight";
				INFOPLIST_KEY_UISupportedInterfaceOrientations_iPhone = "UIInterfaceOrientationPortrait UIInterfaceOrientationLandscapeLeft UIInterfaceOrientationLandscapeRight";
				LD_RUNPATH_SEARCH_PATHS = (
					"$(inherited)",
					"@executable_path/Frameworks",
				);
				MARKETING_VERSION = 1.0;
				PRODUCT_BUNDLE_IDENTIFIER = com.firstApp.caixaApp;
				PRODUCT_NAME = "$(TARGET_NAME)";
				SWIFT_EMIT_LOC_STRINGS = YES;
				SWIFT_VERSION = 5.0;
				TARGETED_DEVICE_FAMILY = "1,2";
			};
			name = Debug;
		};
		36036F47292C40DD00941F1A /* Release */ = {
			isa = XCBuildConfiguration;
			buildSettings = {
				ASSETCATALOG_COMPILER_APPICON_NAME = AppIcon;
				ASSETCATALOG_COMPILER_GLOBAL_ACCENT_COLOR_NAME = AccentColor;
				ASSETCATALOG_COMPILER_INCLUDE_ALL_APPICON_ASSETS = YES;
				CODE_SIGN_STYLE = Automatic;
				CURRENT_PROJECT_VERSION = 1;
				GENERATE_INFOPLIST_FILE = YES;
				INFOPLIST_FILE = caixaApp/Info.plist;
				INFOPLIST_KEY_UIApplicationSupportsIndirectInputEvents = YES;
				INFOPLIST_KEY_UILaunchStoryboardName = LaunchScreen.storyboard;
				INFOPLIST_KEY_UISupportedInterfaceOrientations_iPad = "UIInterfaceOrientationPortrait UIInterfaceOrientationPortraitUpsideDown UIInterfaceOrientationLandscapeLeft UIInterfaceOrientationLandscapeRight";
				INFOPLIST_KEY_UISupportedInterfaceOrientations_iPhone = "UIInterfaceOrientationPortrait UIInterfaceOrientationLandscapeLeft UIInterfaceOrientationLandscapeRight";
				LD_RUNPATH_SEARCH_PATHS = (
					"$(inherited)",
					"@executable_path/Frameworks",
				);
				MARKETING_VERSION = 1.0;
				PRODUCT_BUNDLE_IDENTIFIER = com.firstApp.caixaApp;
				PRODUCT_NAME = "$(TARGET_NAME)";
				SWIFT_EMIT_LOC_STRINGS = YES;
				SWIFT_VERSION = 5.0;
				TARGETED_DEVICE_FAMILY = "1,2";
			};
			name = Release;
		};
/* End XCBuildConfiguration section */

/* Begin XCConfigurationList section */
		36036F2C292C40DB00941F1A /* Build configuration list for PBXProject "caixaApp" */ = {
			isa = XCConfigurationList;
			buildConfigurations = (
				36036F43292C40DD00941F1A /* Debug */,
				36036F44292C40DD00941F1A /* Release */,
			);
			defaultConfigurationIsVisible = 0;
			defaultConfigurationName = Release;
		};
		36036F45292C40DD00941F1A /* Build configuration list for PBXNativeTarget "caixaApp" */ = {
			isa = XCConfigurationList;
			buildConfigurations = (
				36036F46292C40DD00941F1A /* Debug */,
				36036F47292C40DD00941F1A /* Release */,
			);
			defaultConfigurationIsVisible = 0;
			defaultConfigurationName = Release;
		};
/* End XCConfigurationList section */
	};
	rootObject = 36036F29292C40DB00941F1A /* Project object */;
}
